
Microsoft Visual Studio Solution File, Format Version 12.00
# Visual Studio Version 17
VisualStudioVersion = 17.0.32014.148
MinimumVisualStudioVersion = 10.0.40219.1
Project("{FAE04EC0-301F-11D3-BF4B-00C04F79EFBC}") = "MvcProjectCamp", "MvcProjectCamp\MvcProjectCamp.csproj", "{5BF05276-9106-498A-A339-5335221A35D3}"
EndProject
Project("{FAE04EC0-301F-11D3-BF4B-00C04F79EFBC}") = "EntityLayer", "EntityLayer\EntityLayer.csproj", "{D04941F7-10B5-4B2B-B27A-F288112E6DB5}"
EndProject
Project("{FAE04EC0-301F-11D3-BF4B-00C04F79EFBC}") = "DataAccessLayer", "DataAccessLayer\DataAccessLayer.csproj", "{F6DFC647-8F96-4722-A7F5-8FE26656C833}"
EndProject
Project("{FAE04EC0-301F-11D3-BF4B-00C04F79EFBC}") = "BusinessLayer", "BusinessLayer\BusinessLayer.csproj", "{692CCD07-31F8-4866-A5D9-FC00E03D33DD}"
EndProject
Global
	GlobalSection(SolutionConfigurationPlatforms) = preSolution
		Debug|Any CPU = Debug|Any CPU
		Release|Any CPU = Release|Any CPU
	EndGlobalSection
	GlobalSection(ProjectConfigurationPlatforms) = postSolution
		{5BF05276-9106-498A-A339-5335221A35D3}.Debug|Any CPU.ActiveCfg = Debug|Any CPU
		{5BF05276-9106-498A-A339-5335221A35D3}.Debug|Any CPU.Build.0 = Debug|Any CPU
		{5BF05276-9106-498A-A339-5335221A35D3}.Release|Any CPU.ActiveCfg = Release|Any CPU
		{5BF05276-9106-498A-A339-5335221A35D3}.Release|Any CPU.Build.0 = Release|Any CPU
		{D04941F7-10B5-4B2B-B27A-F288112E6DB5}.Debug|Any CPU.ActiveCfg = Debug|Any CPU
		{D04941F7-10B5-4B2B-B27A-F288112E6DB5}.Debug|Any CPU.Build.0 = Debug|Any CPU
		{D04941F7-10B5-4B2B-B27A-F288112E6DB5}.Release|Any CPU.ActiveCfg = Release|Any CPU
		{D04941F7-10B5-4B2B-B27A-F288112E6DB5}.Release|Any CPU.Build.0 = Release|Any CPU
		{F6DFC647-8F96-4722-A7F5-8FE26656C833}.Debug|Any CPU.ActiveCfg = Debug|Any CPU
		{F6DFC647-8F96-4722-A7F5-8FE26656C833}.Debug|Any CPU.Build.0 = Debug|Any CPU
		{F6DFC647-8F96-4722-A7F5-8FE26656C833}.Release|Any CPU.ActiveCfg = Release|Any CPU
		{F6DFC647-8F96-4722-A7F5-8FE26656C833}.Release|Any CPU.Build.0 = Release|Any CPU
		{692CCD07-31F8-4866-A5D9-FC00E03D33DD}.Debug|Any CPU.ActiveCfg = Debug|Any CPU
		{692CCD07-31F8-4866-A5D9-FC00E03D33DD}.Debug|Any CPU.Build.0 = Debug|Any CPU
		{692CCD07-31F8-4866-A5D9-FC00E03D33DD}.Release|Any CPU.ActiveCfg = Release|Any CPU
		{692CCD07-31F8-4866-A5D9-FC00E03D33DD}.Release|Any CPU.Build.0 = Release|Any CPU
	EndGlobalSection
	GlobalSection(SolutionProperties) = preSolution
		HideSolutionNode = FALSE
	EndGlobalSection
	GlobalSection(ExtensibilityGlobals) = postSolution
		SolutionGuid = {9C46BE1E-AC6B-4E88-9AEE-46F761E6CC0B}
	EndGlobalSection
EndGlobal
